// !$*UTF8*$!
{
	archiveVersion = 1;
	classes = {
	};
	objectVersion = 48;
	objects = {

/* Begin PBXBuildFile section */
		1AA6418F20F9D8E600E83307 /* AppDelegate.swift in Sources */ = {isa = PBXBuildFile; fileRef = 1AA6418E20F9D8E600E83307 /* AppDelegate.swift */; };
		1AA6419120F9D8E600E83307 /* ViewController.swift in Sources */ = {isa = PBXBuildFile; fileRef = 1AA6419020F9D8E600E83307 /* ViewController.swift */; };
		1AA6419420F9D8E600E83307 /* Main.storyboard in Resources */ = {isa = PBXBuildFile; fileRef = 1AA6419220F9D8E600E83307 /* Main.storyboard */; };
		1AA6419720F9D8E600E83307 /* Services.xcdatamodeld in Sources */ = {isa = PBXBuildFile; fileRef = 1AA6419520F9D8E600E83307 /* Services.xcdatamodeld */; };
		1AA6419920F9D8E600E83307 /* Assets.xcassets in Resources */ = {isa = PBXBuildFile; fileRef = 1AA6419820F9D8E600E83307 /* Assets.xcassets */; };
		1AA6419C20F9D8E600E83307 /* LaunchScreen.storyboard in Resources */ = {isa = PBXBuildFile; fileRef = 1AA6419A20F9D8E600E83307 /* LaunchScreen.storyboard */; };
/* End PBXBuildFile section */

/* Begin PBXFileReference section */
		1AA6418B20F9D8E600E83307 /* Services.app */ = {isa = PBXFileReference; explicitFileType = wrapper.application; includeInIndex = 0; path = Services.app; sourceTree = BUILT_PRODUCTS_DIR; };
		1AA6418E20F9D8E600E83307 /* AppDelegate.swift */ = {isa = PBXFileReference; lastKnownFileType = sourcecode.swift; path = AppDelegate.swift; sourceTree = "<group>"; };
		1AA6419020F9D8E600E83307 /* ViewController.swift */ = {isa = PBXFileReference; lastKnownFileType = sourcecode.swift; path = ViewController.swift; sourceTree = "<group>"; };
		1AA6419320F9D8E600E83307 /* Base */ = {isa = PBXFileReference; lastKnownFileType = file.storyboard; name = Base; path = Base.lproj/Main.storyboard; sourceTree = "<group>"; };
		1AA6419620F9D8E600E83307 /* Services.xcdatamodel */ = {isa = PBXFileReference; lastKnownFileType = wrapper.xcdatamodel; path = Services.xcdatamodel; sourceTree = "<group>"; };
		1AA6419820F9D8E600E83307 /* Assets.xcassets */ = {isa = PBXFileReference; lastKnownFileType = folder.assetcatalog; path = Assets.xcassets; sourceTree = "<group>"; };
		1AA6419B20F9D8E600E83307 /* Base */ = {isa = PBXFileReference; lastKnownFileType = file.storyboard; name = Base; path = Base.lproj/LaunchScreen.storyboard; sourceTree = "<group>"; };
		1AA6419D20F9D8E600E83307 /* Info.plist */ = {isa = PBXFileReference; lastKnownFileType = text.plist.xml; path = Info.plist; sourceTree = "<group>"; };
/* End PBXFileReference section */

/* Begin PBXFrameworksBuildPhase section */
		1AA6418820F9D8E600E83307 /* Frameworks */ = {
			isa = PBXFrameworksBuildPhase;
			buildActionMask = 2147483647;
			files = (
			);
			runOnlyForDeploymentPostprocessing = 0;
		};
/* End PBXFrameworksBuildPhase section */

/* Begin PBXGroup section */
		1AA6418220F9D8E600E83307 = {
			isa = PBXGroup;
			children = (
				1AA6418D20F9D8E600E83307 /* Services */,
				1AA6418C20F9D8E600E83307 /* Products */,
			);
			sourceTree = "<group>";
		};
		1AA6418C20F9D8E600E83307 /* Products */ = {
			isa = PBXGroup;
			children = (
				1AA6418B20F9D8E600E83307 /* Services.app */,
			);
			name = Products;
			sourceTree = "<group>";
		};
		1AA6418D20F9D8E600E83307 /* Services */ = {
			isa = PBXGroup;
			children = (
				1AA6419820F9D8E600E83307 /* Assets.xcassets */,
				1AA641A320F9DA3A00E83307 /* Model */,
				1AA641A420F9DA4400E83307 /* View */,
				1AA641A520F9DA4C00E83307 /* Controller */,
				1AA6418E20F9D8E600E83307 /* AppDelegate.swift */,
				1AA6419D20F9D8E600E83307 /* Info.plist */,
			);
			path = Services;
			sourceTree = "<group>";
		};
		1AA641A320F9DA3A00E83307 /* Model */ = {
			isa = PBXGroup;
			children = (
				1AA6419520F9D8E600E83307 /* Services.xcdatamodeld */,
			);
			path = Model;
			sourceTree = "<group>";
		};
		1AA641A420F9DA4400E83307 /* View */ = {
			isa = PBXGroup;
			children = (
				1AA6419A20F9D8E600E83307 /* LaunchScreen.storyboard */,
				1AA6419220F9D8E600E83307 /* Main.storyboard */,
			);
			path = View;
			sourceTree = "<group>";
		};
		1AA641A520F9DA4C00E83307 /* Controller */ = {
			isa = PBXGroup;
			children = (
				1AA6419020F9D8E600E83307 /* ViewController.swift */,
			);
			path = Controller;
			sourceTree = "<group>";
		};
/* End PBXGroup section */

/* Begin PBXNativeTarget section */
		1AA6418A20F9D8E600E83307 /* Services */ = {
			isa = PBXNativeTarget;
			buildConfigurationList = 1AA641A020F9D8E600E83307 /* Build configuration list for PBXNativeTarget "Services" */;
			buildPhases = (
				1AA6418720F9D8E600E83307 /* Sources */,
				1AA6418820F9D8E600E83307 /* Frameworks */,
				1AA6418920F9D8E600E83307 /* Resources */,
			);
			buildRules = (
			);
			dependencies = (
			);
			name = Services;
			productName = Services;
			productReference = 1AA6418B20F9D8E600E83307 /* Services.app */;
			productType = "com.apple.product-type.application";
		};
/* End PBXNativeTarget section */

/* Begin PBXProject section */
		1AA6418320F9D8E600E83307 /* Project object */ = {
			isa = PBXProject;
			attributes = {
				LastSwiftUpdateCheck = 0920;
				LastUpgradeCheck = 0920;
				ORGANIZATIONNAME = "Kostiantyn Bilyk";
				TargetAttributes = {
					1AA6418A20F9D8E600E83307 = {
						CreatedOnToolsVersion = 9.2;
						ProvisioningStyle = Automatic;
					};
				};
			};
			buildConfigurationList = 1AA6418620F9D8E600E83307 /* Build configuration list for PBXProject "Services" */;
			compatibilityVersion = "Xcode 8.0";
			developmentRegion = en;
			hasScannedForEncodings = 0;
			knownRegions = (
				en,
				Base,
			);
			mainGroup = 1AA6418220F9D8E600E83307;
			productRefGroup = 1AA6418C20F9D8E600E83307 /* Products */;
			projectDirPath = "";
			projectRoot = "";
			targets = (
				1AA6418A20F9D8E600E83307 /* Services */,
			);
		};
/* End PBXProject section */

/* Begin PBXResourcesBuildPhase section */
		1AA6418920F9D8E600E83307 /* Resources */ = {
			isa = PBXResourcesBuildPhase;
			buildActionMask = 2147483647;
			files = (
				1AA6419C20F9D8E600E83307 /* LaunchScreen.storyboard in Resources */,
				1AA6419920F9D8E600E83307 /* Assets.xcassets in Resources */,
				1AA6419420F9D8E600E83307 /* Main.storyboard in Resources */,
			);
			runOnlyForDeploymentPostprocessing = 0;
		};
/* End PBXResourcesBuildPhase section */

/* Begin PBXSourcesBuildPhase section */
		1AA6418720F9D8E600E83307 /* Sources */ = {
			isa = PBXSourcesBuildPhase;
			buildActionMask = 2147483647;
			files = (
				1AA6419120F9D8E600E83307 /* ViewController.swift in Sources */,
				1AA6418F20F9D8E600E83307 /* AppDelegate.swift in Sources */,
				1AA6419720F9D8E600E83307 /* Services.xcdatamodeld in Sources */,
			);
			runOnlyForDeploymentPostprocessing = 0;
		};
/* End PBXSourcesBuildPhase section */

/* Begin PBXVariantGroup section */
		1AA6419220F9D8E600E83307 /* Main.storyboard */ = {
			isa = PBXVariantGroup;
			children = (
				1AA6419320F9D8E600E83307 /* Base */,
			);
			name = Main.storyboard;
			sourceTree = "<group>";
		};
		1AA6419A20F9D8E600E83307 /* LaunchScreen.storyboard */ = {
			isa = PBXVariantGroup;
			children = (
				1AA6419B20F9D8E600E83307 /* Base */,
			);
			name = LaunchScreen.storyboard;
			sourceTree = "<group>";
		};
/* End PBXVariantGroup section */

/* Begin XCBuildConfiguration section */
		1AA6419E20F9D8E600E83307 /* Debug */ = {
			isa = XCBuildConfiguration;
			buildSettings = {
				ALWAYS_SEARCH_USER_PATHS = NO;
				CLANG_ANALYZER_NONNULL = YES;
				CLANG_ANALYZER_NUMBER_OBJECT_CONVERSION = YES_AGGRESSIVE;
				CLANG_CXX_LANGUAGE_STANDARD = "gnu++14";
				CLANG_CXX_LIBRARY = "libc++";
				CLANG_ENABLE_MODULES = YES;
				CLANG_ENABLE_OBJC_ARC = YES;
				CLANG_WARN_BLOCK_CAPTURE_AUTORELEASING = YES;
				CLANG_WARN_BOOL_CONVERSION = YES;
				CLANG_WARN_COMMA = YES;
				CLANG_WARN_CONSTANT_CONVERSION = YES;
				CLANG_WARN_DIRECT_OBJC_ISA_USAGE = YES_ERROR;
				CLANG_WARN_DOCUMENTATION_COMMENTS = YES;
				CLANG_WARN_EMPTY_BODY = YES;
				CLANG_WARN_ENUM_CONVERSION = YES;
				CLANG_WARN_INFINITE_RECURSION = YES;
				CLANG_WARN_INT_CONVERSION = YES;
				CLANG_WARN_NON_LITERAL_NULL_CONVERSION = YES;
				CLANG_WARN_OBJC_LITERAL_CONVERSION = YES;
				CLANG_WARN_OBJC_ROOT_CLASS = YES_ERROR;
				CLANG_WARN_RANGE_LOOP_ANALYSIS = YES;
				CLANG_WARN_STRICT_PROTOTYPES = YES;
				CLANG_WARN_SUSPICIOUS_MOVE = YES;
				CLANG_WARN_UNGUARDED_AVAILABILITY = YES_AGGRESSIVE;
				CLANG_WARN_UNREACHABLE_CODE = YES;
				CLANG_WARN__DUPLICATE_METHOD_MATCH = YES;
				CODE_SIGN_IDENTITY = "iPhone Developer";
				COPY_PHASE_STRIP = NO;
				DEBUG_INFORMATION_FORMAT = dwarf;
				ENABLE_STRICT_OBJC_MSGSEND = YES;
				ENABLE_TESTABILITY = YES;
				GCC_C_LANGUAGE_STANDARD = gnu11;
				GCC_DYNAMIC_NO_PIC = NO;
				GCC_NO_COMMON_BLOCKS = YES;
				GCC_OPTIMIZATION_LEVEL = 0;
				GCC_PREPROCESSOR_DEFINITIONS = (
					"DEBUG=1",
					"$(inherited)",
				);
				GCC_WARN_64_TO_32_BIT_CONVERSION = YES;
				GCC_WARN_ABOUT_RETURN_TYPE = YES_ERROR;
				GCC_WARN_UNDECLARED_SELECTOR = YES;
				GCC_WARN_UNINITIALIZED_AUTOS = YES_AGGRESSIVE;
				GCC_WARN_UNUSED_FUNCTION = YES;
				GCC_WARN_UNUSED_VARIABLE = YES;
				IPHONEOS_DEPLOYMENT_TARGET = 11.2;
				MTL_ENABLE_DEBUG_INFO = YES;
				ONLY_ACTIVE_ARCH = YES;
				SDKROOT = iphoneos;
				SWIFT_ACTIVE_COMPILATION_CONDITIONS = DEBUG;
				SWIFT_OPTIMIZATION_LEVEL = "-Onone";
			};
			name = Debug;
		};
		1AA6419F20F9D8E600E83307 /* Release */ = {
			isa = XCBuildConfiguration;
			buildSettings = {
				ALWAYS_SEARCH_USER_PATHS = NO;
				CLANG_ANALYZER_NONNULL = YES;
				CLANG_ANALYZER_NUMBER_OBJECT_CONVERSION = YES_AGGRESSIVE;
				CLANG_CXX_LANGUAGE_STANDARD = "gnu++14";
				CLANG_CXX_LIBRARY = "libc++";
				CLANG_ENABLE_MODULES = YES;
				CLANG_ENABLE_OBJC_ARC = YES;
				CLANG_WARN_BLOCK_CAPTURE_AUTORELEASING = YES;
				CLANG_WARN_BOOL_CONVERSION = YES;
				CLANG_WARN_COMMA = YES;
				CLANG_WARN_CONSTANT_CONVERSION = YES;
				CLANG_WARN_DIRECT_OBJC_ISA_USAGE = YES_ERROR;
				CLANG_WARN_DOCUMENTATION_COMMENTS = YES;
				CLANG_WARN_EMPTY_BODY = YES;
				CLANG_WARN_ENUM_CONVERSION = YES;
				CLANG_WARN_INFINITE_RECURSION = YES;
				CLANG_WARN_INT_CONVERSION = YES;
				CLANG_WARN_NON_LITERAL_NULL_CONVERSION = YES;
				CLANG_WARN_OBJC_LITERAL_CONVERSION = YES;
				CLANG_WARN_OBJC_ROOT_CLASS = YES_ERROR;
				CLANG_WARN_RANGE_LOOP_ANALYSIS = YES;
				CLANG_WARN_STRICT_PROTOTYPES = YES;
				CLANG_WARN_SUSPICIOUS_MOVE = YES;
				CLANG_WARN_UNGUARDED_AVAILABILITY = YES_AGGRESSIVE;
				CLANG_WARN_UNREACHABLE_CODE = YES;
				CLANG_WARN__DUPLICATE_METHOD_MATCH = YES;
				CODE_SIGN_IDENTITY = "iPhone Developer";
				COPY_PHASE_STRIP = NO;
				DEBUG_INFORMATION_FORMAT = "dwarf-with-dsym";
				ENABLE_NS_ASSERTIONS = NO;
				ENABLE_STRICT_OBJC_MSGSEND = YES;
				GCC_C_LANGUAGE_STANDARD = gnu11;
				GCC_NO_COMMON_BLOCKS = YES;
				GCC_WARN_64_TO_32_BIT_CONVERSION = YES;
				GCC_WARN_ABOUT_RETURN_TYPE = YES_ERROR;
				GCC_WARN_UNDECLARED_SELECTOR = YES;
				GCC_WARN_UNINITIALIZED_AUTOS = YES_AGGRESSIVE;
				GCC_WARN_UNUSED_FUNCTION = YES;
				GCC_WARN_UNUSED_VARIABLE = YES;
				IPHONEOS_DEPLOYMENT_TARGET = 11.2;
				MTL_ENABLE_DEBUG_INFO = NO;
				SDKROOT = iphoneos;
				SWIFT_OPTIMIZATION_LEVEL = "-Owholemodule";
				VALIDATE_PRODUCT = YES;
			};
			name = Release;
		};
		1AA641A120F9D8E600E83307 /* Debug */ = {
			isa = XCBuildConfiguration;
			buildSettings = {
				ASSETCATALOG_COMPILER_APPICON_NAME = AppIcon;
				CODE_SIGN_STYLE = Automatic;
				DEVELOPMENT_TEAM = 7L3VV4KFDF;
				INFOPLIST_FILE = Services/Info.plist;
				LD_RUNPATH_SEARCH_PATHS = "$(inherited) @executable_path/Frameworks";
				PRODUCT_BUNDLE_IDENTIFIER = com.bilyk.kos.Services;
				PRODUCT_NAME = "$(TARGET_NAME)";
				SWIFT_VERSION = 4.0;
				TARGETED_DEVICE_FAMILY = "1,2";
			};
			name = Debug;
		};
		1AA641A220F9D8E600E83307 /* Release */ = {
			isa = XCBuildConfiguration;
			buildSettings = {
				ASSETCATALOG_COMPILER_APPICON_NAME = AppIcon;
				CODE_SIGN_STYLE = Automatic;
				DEVELOPMENT_TEAM = 7L3VV4KFDF;
				INFOPLIST_FILE = Services/Info.plist;
				LD_RUNPATH_SEARCH_PATHS = "$(inherited) @executable_path/Frameworks";
				PRODUCT_BUNDLE_IDENTIFIER = com.bilyk.kos.Services;
				PRODUCT_NAME = "$(TARGET_NAME)";
				SWIFT_VERSION = 4.0;
				TARGETED_DEVICE_FAMILY = "1,2";
			};
			name = Release;
		};
/* End XCBuildConfiguration section */

/* Begin XCConfigurationList section */
		1AA6418620F9D8E600E83307 /* Build configuration list for PBXProject "Services" */ = {
			isa = XCConfigurationList;
			buildConfigurations = (
				1AA6419E20F9D8E600E83307 /* Debug */,
				1AA6419F20F9D8E600E83307 /* Release */,
			);
			defaultConfigurationIsVisible = 0;
			defaultConfigurationName = Release;
		};
		1AA641A020F9D8E600E83307 /* Build configuration list for PBXNativeTarget "Services" */ = {
			isa = XCConfigurationList;
			buildConfigurations = (
				1AA641A120F9D8E600E83307 /* Debug */,
				1AA641A220F9D8E600E83307 /* Release */,
			);
			defaultConfigurationIsVisible = 0;
			defaultConfigurationName = Release;
		};
/* End XCConfigurationList section */

/* Begin XCVersionGroup section */
		1AA6419520F9D8E600E83307 /* Services.xcdatamodeld */ = {
			isa = XCVersionGroup;
			children = (
				1AA6419620F9D8E600E83307 /* Services.xcdatamodel */,
			);
			currentVersion = 1AA6419620F9D8E600E83307 /* Services.xcdatamodel */;
			path = Services.xcdatamodeld;
			sourceTree = "<group>";
			versionGroupType = wrapper.xcdatamodel;
		};
/* End XCVersionGroup section */
	};
	rootObject = 1AA6418320F9D8E600E83307 /* Project object */;
}
